// !$*UTF8*$!
{
	archiveVersion = 1;
	classes = {
	};
	objectVersion = 55;
	objects = {

/* Begin PBXBuildFile section */
		23CE157E273BD36500AAA5CB /* AppDelegate.swift in Sources */ = {isa = PBXBuildFile; fileRef = 23CE157D273BD36500AAA5CB /* AppDelegate.swift */; };
		23CE1580273BD36500AAA5CB /* SceneDelegate.swift in Sources */ = {isa = PBXBuildFile; fileRef = 23CE157F273BD36500AAA5CB /* SceneDelegate.swift */; };
		23CE1582273BD36500AAA5CB /* ViewController.swift in Sources */ = {isa = PBXBuildFile; fileRef = 23CE1581273BD36500AAA5CB /* ViewController.swift */; };
		23CE1585273BD36500AAA5CB /* Main.storyboard in Resources */ = {isa = PBXBuildFile; fileRef = 23CE1583273BD36500AAA5CB /* Main.storyboard */; };
		23CE1588273BD36500AAA5CB /* BackGroundVideo.xcdatamodeld in Sources */ = {isa = PBXBuildFile; fileRef = 23CE1586273BD36500AAA5CB /* BackGroundVideo.xcdatamodeld */; };
		23CE158A273BD36700AAA5CB /* Assets.xcassets in Resources */ = {isa = PBXBuildFile; fileRef = 23CE1589273BD36700AAA5CB /* Assets.xcassets */; };
		23CE158D273BD36700AAA5CB /* LaunchScreen.storyboard in Resources */ = {isa = PBXBuildFile; fileRef = 23CE158B273BD36700AAA5CB /* LaunchScreen.storyboard */; };
		23CE1595273BD45D00AAA5CB /* BackgroundVideo.swift in Sources */ = {isa = PBXBuildFile; fileRef = 23CE1594273BD45D00AAA5CB /* BackgroundVideo.swift */; };
		23CE1597273BD72800AAA5CB /* IMG_3550.MOV in Resources */ = {isa = PBXBuildFile; fileRef = 23CE1596273BD72800AAA5CB /* IMG_3550.MOV */; };
/* End PBXBuildFile section */

/* Begin PBXFileReference section */
		23CE157A273BD36500AAA5CB /* BackGroundVideo.app */ = {isa = PBXFileReference; explicitFileType = wrapper.application; includeInIndex = 0; path = BackGroundVideo.app; sourceTree = BUILT_PRODUCTS_DIR; };
		23CE157D273BD36500AAA5CB /* AppDelegate.swift */ = {isa = PBXFileReference; lastKnownFileType = sourcecode.swift; path = AppDelegate.swift; sourceTree = "<group>"; };
		23CE157F273BD36500AAA5CB /* SceneDelegate.swift */ = {isa = PBXFileReference; lastKnownFileType = sourcecode.swift; path = SceneDelegate.swift; sourceTree = "<group>"; };
		23CE1581273BD36500AAA5CB /* ViewController.swift */ = {isa = PBXFileReference; lastKnownFileType = sourcecode.swift; path = ViewController.swift; sourceTree = "<group>"; };
		23CE1584273BD36500AAA5CB /* Base */ = {isa = PBXFileReference; lastKnownFileType = file.storyboard; name = Base; path = Base.lproj/Main.storyboard; sourceTree = "<group>"; };
		23CE1587273BD36500AAA5CB /* BackGroundVideo.xcdatamodel */ = {isa = PBXFileReference; lastKnownFileType = wrapper.xcdatamodel; path = BackGroundVideo.xcdatamodel; sourceTree = "<group>"; };
		23CE1589273BD36700AAA5CB /* Assets.xcassets */ = {isa = PBXFileReference; lastKnownFileType = folder.assetcatalog; path = Assets.xcassets; sourceTree = "<group>"; };
		23CE158C273BD36700AAA5CB /* Base */ = {isa = PBXFileReference; lastKnownFileType = file.storyboard; name = Base; path = Base.lproj/LaunchScreen.storyboard; sourceTree = "<group>"; };
		23CE158E273BD36700AAA5CB /* Info.plist */ = {isa = PBXFileReference; lastKnownFileType = text.plist.xml; path = Info.plist; sourceTree = "<group>"; };
		23CE1594273BD45D00AAA5CB /* BackgroundVideo.swift */ = {isa = PBXFileReference; fileEncoding = 4; lastKnownFileType = sourcecode.swift; path = BackgroundVideo.swift; sourceTree = "<group>"; };
		23CE1596273BD72800AAA5CB /* IMG_3550.MOV */ = {isa = PBXFileReference; lastKnownFileType = video.quicktime; path = IMG_3550.MOV; sourceTree = "<group>"; };
/* End PBXFileReference section */

/* Begin PBXFrameworksBuildPhase section */
		23CE1577273BD36500AAA5CB /* Frameworks */ = {
			isa = PBXFrameworksBuildPhase;
			buildActionMask = 2147483647;
			files = (
			);
			runOnlyForDeploymentPostprocessing = 0;
		};
/* End PBXFrameworksBuildPhase section */

/* Begin PBXGroup section */
		23CE1571273BD36500AAA5CB = {
			isa = PBXGroup;
			children = (
				23CE157C273BD36500AAA5CB /* BackGroundVideo */,
				23CE157B273BD36500AAA5CB /* Products */,
			);
			sourceTree = "<group>";
		};
		23CE157B273BD36500AAA5CB /* Products */ = {
			isa = PBXGroup;
			children = (
				23CE157A273BD36500AAA5CB /* BackGroundVideo.app */,
			);
			name = Products;
			sourceTree = "<group>";
		};
		23CE157C273BD36500AAA5CB /* BackGroundVideo */ = {
			isa = PBXGroup;
			children = (
				23CE157D273BD36500AAA5CB /* AppDelegate.swift */,
				23CE157F273BD36500AAA5CB /* SceneDelegate.swift */,
				23CE1594273BD45D00AAA5CB /* BackgroundVideo.swift */,
				23CE1581273BD36500AAA5CB /* ViewController.swift */,
				23CE1583273BD36500AAA5CB /* Main.storyboard */,
				23CE1589273BD36700AAA5CB /* Assets.xcassets */,
				23CE158B273BD36700AAA5CB /* LaunchScreen.storyboard */,
				23CE158E273BD36700AAA5CB /* Info.plist */,
				23CE1586273BD36500AAA5CB /* BackGroundVideo.xcdatamodeld */,
				23CE1596273BD72800AAA5CB /* IMG_3550.MOV */,
			);
			path = BackGroundVideo;
			sourceTree = "<group>";
		};
/* End PBXGroup section */

/* Begin PBXNativeTarget section */
		23CE1579273BD36500AAA5CB /* BackGroundVideo */ = {
			isa = PBXNativeTarget;
			buildConfigurationList = 23CE1591273BD36700AAA5CB /* Build configuration list for PBXNativeTarget "BackGroundVideo" */;
			buildPhases = (
				23CE1576273BD36500AAA5CB /* Sources */,
				23CE1577273BD36500AAA5CB /* Frameworks */,
				23CE1578273BD36500AAA5CB /* Resources */,
			);
			buildRules = (
			);
			dependencies = (
			);
			name = BackGroundVideo;
			productName = BackGroundVideo;
			productReference = 23CE157A273BD36500AAA5CB /* BackGroundVideo.app */;
			productType = "com.apple.product-type.application";
		};
/* End PBXNativeTarget section */

/* Begin PBXProject section */
		23CE1572273BD36500AAA5CB /* Project object */ = {
			isa = PBXProject;
			attributes = {
				BuildIndependentTargetsInParallel = 1;
				LastSwiftUpdateCheck = 1300;
				LastUpgradeCheck = 1300;
				TargetAttributes = {
					23CE1579273BD36500AAA5CB = {
						CreatedOnToolsVersion = 13.0;
					};
				};
			};
			buildConfigurationList = 23CE1575273BD36500AAA5CB /* Build configuration list for PBXProject "BackGroundVideo" */;
			compatibilityVersion = "Xcode 13.0";
			developmentRegion = en;
			hasScannedForEncodings = 0;
			knownRegions = (
				en,
				Base,
			);
			mainGroup = 23CE1571273BD36500AAA5CB;
			productRefGroup = 23CE157B273BD36500AAA5CB /* Products */;
			projectDirPath = "";
			projectRoot = "";
			targets = (
				23CE1579273BD36500AAA5CB /* BackGroundVideo */,
			);
		};
/* End PBXProject section */

/* Begin PBXResourcesBuildPhase section */
		23CE1578273BD36500AAA5CB /* Resources */ = {
			isa = PBXResourcesBuildPhase;
			buildActionMask = 2147483647;
			files = (
				23CE158D273BD36700AAA5CB /* LaunchScreen.storyboard in Resources */,
				23CE1597273BD72800AAA5CB /* IMG_3550.MOV in Resources */,
				23CE158A273BD36700AAA5CB /* Assets.xcassets in Resources */,
				23CE1585273BD36500AAA5CB /* Main.storyboard in Resources */,
			);
			runOnlyForDeploymentPostprocessing = 0;
		};
/* End PBXResourcesBuildPhase section */

/* Begin PBXSourcesBuildPhase section */
		23CE1576273BD36500AAA5CB /* Sources */ = {
			isa = PBXSourcesBuildPhase;
			buildActionMask = 2147483647;
			files = (
				23CE1582273BD36500AAA5CB /* ViewController.swift in Sources */,
				23CE157E273BD36500AAA5CB /* AppDelegate.swift in Sources */,
				23CE1595273BD45D00AAA5CB /* BackgroundVideo.swift in Sources */,
				23CE1580273BD36500AAA5CB /* SceneDelegate.swift in Sources */,
				23CE1588273BD36500AAA5CB /* BackGroundVideo.xcdatamodeld in Sources */,
			);
			runOnlyForDeploymentPostprocessing = 0;
		};
/* End PBXSourcesBuildPhase section */

/* Begin PBXVariantGroup section */
		23CE1583273BD36500AAA5CB /* Main.storyboard */ = {
			isa = PBXVariantGroup;
			children = (
				23CE1584273BD36500AAA5CB /* Base */,
			);
			name = Main.storyboard;
			sourceTree = "<group>";
		};
		23CE158B273BD36700AAA5CB /* LaunchScreen.storyboard */ = {
			isa = PBXVariantGroup;
			children = (
				23CE158C273BD36700AAA5CB /* Base */,
			);
			name = LaunchScreen.storyboard;
			sourceTree = "<group>";
		};
/* End PBXVariantGroup section */

/* Begin XCBuildConfiguration section */
		23CE158F273BD36700AAA5CB /* Debug */ = {
			isa = XCBuildConfiguration;
			buildSettings = {
				ALWAYS_SEARCH_USER_PATHS = NO;
				CLANG_ANALYZER_NONNULL = YES;
				CLANG_ANALYZER_NUMBER_OBJECT_CONVERSION = YES_AGGRESSIVE;
				CLANG_CXX_LANGUAGE_STANDARD = "gnu++17";
				CLANG_CXX_LIBRARY = "libc++";
				CLANG_ENABLE_MODULES = YES;
				CLANG_ENABLE_OBJC_ARC = YES;
				CLANG_ENABLE_OBJC_WEAK = YES;
				CLANG_WARN_BLOCK_CAPTURE_AUTORELEASING = YES;
				CLANG_WARN_BOOL_CONVERSION = YES;
				CLANG_WARN_COMMA = YES;
				CLANG_WARN_CONSTANT_CONVERSION = YES;
				CLANG_WARN_DEPRECATED_OBJC_IMPLEMENTATIONS = YES;
				CLANG_WARN_DIRECT_OBJC_ISA_USAGE = YES_ERROR;
				CLANG_WARN_DOCUMENTATION_COMMENTS = YES;
				CLANG_WARN_EMPTY_BODY = YES;
				CLANG_WARN_ENUM_CONVERSION = YES;
				CLANG_WARN_INFINITE_RECURSION = YES;
				CLANG_WARN_INT_CONVERSION = YES;
				CLANG_WARN_NON_LITERAL_NULL_CONVERSION = YES;
				CLANG_WARN_OBJC_IMPLICIT_RETAIN_SELF = YES;
				CLANG_WARN_OBJC_LITERAL_CONVERSION = YES;
				CLANG_WARN_OBJC_ROOT_CLASS = YES_ERROR;
				CLANG_WARN_QUOTED_INCLUDE_IN_FRAMEWORK_HEADER = YES;
				CLANG_WARN_RANGE_LOOP_ANALYSIS = YES;
				CLANG_WARN_STRICT_PROTOTYPES = YES;
				CLANG_WARN_SUSPICIOUS_MOVE = YES;
				CLANG_WARN_UNGUARDED_AVAILABILITY = YES_AGGRESSIVE;
				CLANG_WARN_UNREACHABLE_CODE = YES;
				CLANG_WARN__DUPLICATE_METHOD_MATCH = YES;
				COPY_PHASE_STRIP = NO;
				DEBUG_INFORMATION_FORMAT = dwarf;
				ENABLE_STRICT_OBJC_MSGSEND = YES;
				ENABLE_TESTABILITY = YES;
				GCC_C_LANGUAGE_STANDARD = gnu11;
				GCC_DYNAMIC_NO_PIC = NO;
				GCC_NO_COMMON_BLOCKS = YES;
				GCC_OPTIMIZATION_LEVEL = 0;
				GCC_PREPROCESSOR_DEFINITIONS = (
					"DEBUG=1",
					"$(inherited)",
				);
				GCC_WARN_64_TO_32_BIT_CONVERSION = YES;
				GCC_WARN_ABOUT_RETURN_TYPE = YES_ERROR;
				GCC_WARN_UNDECLARED_SELECTOR = YES;
				GCC_WARN_UNINITIALIZED_AUTOS = YES_AGGRESSIVE;
				GCC_WARN_UNUSED_FUNCTION = YES;
				GCC_WARN_UNUSED_VARIABLE = YES;
				IPHONEOS_DEPLOYMENT_TARGET = 15.0;
				MTL_ENABLE_DEBUG_INFO = INCLUDE_SOURCE;
				MTL_FAST_MATH = YES;
				ONLY_ACTIVE_ARCH = YES;
				SDKROOT = iphoneos;
				SWIFT_ACTIVE_COMPILATION_CONDITIONS = DEBUG;
				SWIFT_OPTIMIZATION_LEVEL = "-Onone";
			};
			name = Debug;
		};
		23CE1590273BD36700AAA5CB /* Release */ = {
			isa = XCBuildConfiguration;
			buildSettings = {
				ALWAYS_SEARCH_USER_PATHS = NO;
				CLANG_ANALYZER_NONNULL = YES;
				CLANG_ANALYZER_NUMBER_OBJECT_CONVERSION = YES_AGGRESSIVE;
				CLANG_CXX_LANGUAGE_STANDARD = "gnu++17";
				CLANG_CXX_LIBRARY = "libc++";
				CLANG_ENABLE_MODULES = YES;
				CLANG_ENABLE_OBJC_ARC = YES;
				CLANG_ENABLE_OBJC_WEAK = YES;
				CLANG_WARN_BLOCK_CAPTURE_AUTORELEASING = YES;
				CLANG_WARN_BOOL_CONVERSION = YES;
				CLANG_WARN_COMMA = YES;
				CLANG_WARN_CONSTANT_CONVERSION = YES;
				CLANG_WARN_DEPRECATED_OBJC_IMPLEMENTATIONS = YES;
				CLANG_WARN_DIRECT_OBJC_ISA_USAGE = YES_ERROR;
				CLANG_WARN_DOCUMENTATION_COMMENTS = YES;
				CLANG_WARN_EMPTY_BODY = YES;
				CLANG_WARN_ENUM_CONVERSION = YES;
				CLANG_WARN_INFINITE_RECURSION = YES;
				CLANG_WARN_INT_CONVERSION = YES;
				CLANG_WARN_NON_LITERAL_NULL_CONVERSION = YES;
				CLANG_WARN_OBJC_IMPLICIT_RETAIN_SELF = YES;
				CLANG_WARN_OBJC_LITERAL_CONVERSION = YES;
				CLANG_WARN_OBJC_ROOT_CLASS = YES_ERROR;
				CLANG_WARN_QUOTED_INCLUDE_IN_FRAMEWORK_HEADER = YES;
				CLANG_WARN_RANGE_LOOP_ANALYSIS = YES;
				CLANG_WARN_STRICT_PROTOTYPES = YES;
				CLANG_WARN_SUSPICIOUS_MOVE = YES;
				CLANG_WARN_UNGUARDED_AVAILABILITY = YES_AGGRESSIVE;
				CLANG_WARN_UNREACHABLE_CODE = YES;
				CLANG_WARN__DUPLICATE_METHOD_MATCH = YES;
				COPY_PHASE_STRIP = NO;
				DEBUG_INFORMATION_FORMAT = "dwarf-with-dsym";
				ENABLE_NS_ASSERTIONS = NO;
				ENABLE_STRICT_OBJC_MSGSEND = YES;
				GCC_C_LANGUAGE_STANDARD = gnu11;
				GCC_NO_COMMON_BLOCKS = YES;
				GCC_WARN_64_TO_32_BIT_CONVERSION = YES;
				GCC_WARN_ABOUT_RETURN_TYPE = YES_ERROR;
				GCC_WARN_UNDECLARED_SELECTOR = YES;
				GCC_WARN_UNINITIALIZED_AUTOS = YES_AGGRESSIVE;
				GCC_WARN_UNUSED_FUNCTION = YES;
				GCC_WARN_UNUSED_VARIABLE = YES;
				IPHONEOS_DEPLOYMENT_TARGET = 15.0;
				MTL_ENABLE_DEBUG_INFO = NO;
				MTL_FAST_MATH = YES;
				SDKROOT = iphoneos;
				SWIFT_COMPILATION_MODE = wholemodule;
				SWIFT_OPTIMIZATION_LEVEL = "-O";
				VALIDATE_PRODUCT = YES;
			};
			name = Release;
		};
		23CE1592273BD36700AAA5CB /* Debug */ = {
			isa = XCBuildConfiguration;
			buildSettings = {
				ASSETCATALOG_COMPILER_APPICON_NAME = AppIcon;
				ASSETCATALOG_COMPILER_GLOBAL_ACCENT_COLOR_NAME = AccentColor;
				CODE_SIGN_STYLE = Automatic;
				CURRENT_PROJECT_VERSION = 1;
				DEVELOPMENT_TEAM = 876R2V359G;
				GENERATE_INFOPLIST_FILE = YES;
				INFOPLIST_FILE = BackGroundVideo/Info.plist;
				INFOPLIST_KEY_UIApplicationSupportsIndirectInputEvents = YES;
				INFOPLIST_KEY_UILaunchStoryboardName = LaunchScreen;
				INFOPLIST_KEY_UIMainStoryboardFile = Main;
				INFOPLIST_KEY_UISupportedInterfaceOrientations_iPad = "UIInterfaceOrientationPortrait UIInterfaceOrientationPortraitUpsideDown UIInterfaceOrientationLandscapeLeft UIInterfaceOrientationLandscapeRight";
				INFOPLIST_KEY_UISupportedInterfaceOrientations_iPhone = "UIInterfaceOrientationPortrait UIInterfaceOrientationLandscapeLeft UIInterfaceOrientationLandscapeRight";
				LD_RUNPATH_SEARCH_PATHS = (
					"$(inherited)",
					"@executable_path/Frameworks",
				);
				MARKETING_VERSION = 1.0;
				PRODUCT_BUNDLE_IDENTIFIER = co.aerodyn.BackGroundVideo;
				PRODUCT_NAME = "$(TARGET_NAME)";
				SWIFT_EMIT_LOC_STRINGS = YES;
				SWIFT_VERSION = 5.0;
				TARGETED_DEVICE_FAMILY = "1,2";
			};
			name = Debug;
		};
		23CE1593273BD36700AAA5CB /* Release */ = {
			isa = XCBuildConfiguration;
			buildSettings = {
				ASSETCATALOG_COMPILER_APPICON_NAME = AppIcon;
				ASSETCATALOG_COMPILER_GLOBAL_ACCENT_COLOR_NAME = AccentColor;
				CODE_SIGN_STYLE = Automatic;
				CURRENT_PROJECT_VERSION = 1;
				DEVELOPMENT_TEAM = 876R2V359G;
				GENERATE_INFOPLIST_FILE = YES;
				INFOPLIST_FILE = BackGroundVideo/Info.plist;
				INFOPLIST_KEY_UIApplicationSupportsIndirectInputEvents = YES;
				INFOPLIST_KEY_UILaunchStoryboardName = LaunchScreen;
				INFOPLIST_KEY_UIMainStoryboardFile = Main;
				INFOPLIST_KEY_UISupportedInterfaceOrientations_iPad = "UIInterfaceOrientationPortrait UIInterfaceOrientationPortraitUpsideDown UIInterfaceOrientationLandscapeLeft UIInterfaceOrientationLandscapeRight";
				INFOPLIST_KEY_UISupportedInterfaceOrientations_iPhone = "UIInterfaceOrientationPortrait UIInterfaceOrientationLandscapeLeft UIInterfaceOrientationLandscapeRight";
				LD_RUNPATH_SEARCH_PATHS = (
					"$(inherited)",
					"@executable_path/Frameworks",
				);
				MARKETING_VERSION = 1.0;
				PRODUCT_BUNDLE_IDENTIFIER = co.aerodyn.BackGroundVideo;
				PRODUCT_NAME = "$(TARGET_NAME)";
				SWIFT_EMIT_LOC_STRINGS = YES;
				SWIFT_VERSION = 5.0;
				TARGETED_DEVICE_FAMILY = "1,2";
			};
			name = Release;
		};
/* End XCBuildConfiguration section */

/* Begin XCConfigurationList section */
		23CE1575273BD36500AAA5CB /* Build configuration list for PBXProject "BackGroundVideo" */ = {
			isa = XCConfigurationList;
			buildConfigurations = (
				23CE158F273BD36700AAA5CB /* Debug */,
				23CE1590273BD36700AAA5CB /* Release */,
			);
			defaultConfigurationIsVisible = 0;
			defaultConfigurationName = Release;
		};
		23CE1591273BD36700AAA5CB /* Build configuration list for PBXNativeTarget "BackGroundVideo" */ = {
			isa = XCConfigurationList;
			buildConfigurations = (
				23CE1592273BD36700AAA5CB /* Debug */,
				23CE1593273BD36700AAA5CB /* Release */,
			);
			defaultConfigurationIsVisible = 0;
			defaultConfigurationName = Release;
		};
/* End XCConfigurationList section */

/* Begin XCVersionGroup section */
		23CE1586273BD36500AAA5CB /* BackGroundVideo.xcdatamodeld */ = {
			isa = XCVersionGroup;
			children = (
				23CE1587273BD36500AAA5CB /* BackGroundVideo.xcdatamodel */,
			);
			currentVersion = 23CE1587273BD36500AAA5CB /* BackGroundVideo.xcdatamodel */;
			path = BackGroundVideo.xcdatamodeld;
			sourceTree = "<group>";
			versionGroupType = wrapper.xcdatamodel;
		};
/* End XCVersionGroup section */
	};
	rootObject = 23CE1572273BD36500AAA5CB /* Project object */;
}
